
Microsoft Visual Studio Solution File, Format Version 12.00
# Visual Studio Version 16
VisualStudioVersion = 16.0.31105.61
MinimumVisualStudioVersion = 10.0.40219.1
Project("{FAE04EC0-301F-11D3-BF4B-00C04F79EFBC}") = "BPR2Project", "BPR2Project\BPR2Project.csproj", "{2436E38C-7C80-41BC-B212-409DCB2FFFAF}"
EndProject
Global
	GlobalSection(SolutionConfigurationPlatforms) = preSolution
		Debug|Any CPU = Debug|Any CPU
		Release|Any CPU = Release|Any CPU
	EndGlobalSection
	GlobalSection(ProjectConfigurationPlatforms) = postSolution
		{2436E38C-7C80-41BC-B212-409DCB2FFFAF}.Debug|Any CPU.ActiveCfg = Debug|Any CPU
		{2436E38C-7C80-41BC-B212-409DCB2FFFAF}.Debug|Any CPU.Build.0 = Debug|Any CPU
		{2436E38C-7C80-41BC-B212-409DCB2FFFAF}.Release|Any CPU.ActiveCfg = Release|Any CPU
		{2436E38C-7C80-41BC-B212-409DCB2FFFAF}.Release|Any CPU.Build.0 = Release|Any CPU
	EndGlobalSection
	GlobalSection(SolutionProperties) = preSolution
		HideSolutionNode = FALSE
	EndGlobalSection
	GlobalSection(ExtensibilityGlobals) = postSolution
		SolutionGuid = {F5FC0643-98EF-4B2E-B4FC-FB44DA3ACF2A}
	EndGlobalSection
EndGlobal
